
Microsoft Visual Studio Solution File, Format Version 12.00
# Visual Studio Version 17
VisualStudioVersion = 17.4.33213.308
MinimumVisualStudioVersion = 10.0.40219.1
Project("{FAE04EC0-301F-11D3-BF4B-00C04F79EFBC}") = "D2OOP_Banking", "D2OOP_Banking\D2OOP_Banking.csproj", "{3C784857-5C20-4170-8508-D3297B941EF8}"
EndProject
Global
	GlobalSection(SolutionConfigurationPlatforms) = preSolution
		Debug|Any CPU = Debug|Any CPU
		Release|Any CPU = Release|Any CPU
	EndGlobalSection
	GlobalSection(ProjectConfigurationPlatforms) = postSolution
		{3C784857-5C20-4170-8508-D3297B941EF8}.Debug|Any CPU.ActiveCfg = Debug|Any CPU
		{3C784857-5C20-4170-8508-D3297B941EF8}.Debug|Any CPU.Build.0 = Debug|Any CPU
		{3C784857-5C20-4170-8508-D3297B941EF8}.Release|Any CPU.ActiveCfg = Release|Any CPU
		{3C784857-5C20-4170-8508-D3297B941EF8}.Release|Any CPU.Build.0 = Release|Any CPU
	EndGlobalSection
	GlobalSection(SolutionProperties) = preSolution
		HideSolutionNode = FALSE
	EndGlobalSection
	GlobalSection(ExtensibilityGlobals) = postSolution
		SolutionGuid = {EC17A725-12CC-492E-A459-CC4DC013DE4D}
	EndGlobalSection
EndGlobal
